// !$*UTF8*$!
{
	archiveVersion = 1;
	classes = {
	};
	objectVersion = 48;
	objects = {

/* Begin PBXBuildFile section */
		86C8D2F3D3D8F96BC93C32ED /* Pods_ToDoList.framework in Frameworks */ = {isa = PBXBuildFile; fileRef = 61650642EE3DE3808D24FD26 /* Pods_ToDoList.framework */; };
		F7283A901FBDB8DA00C377B3 /* AppDelegate.swift in Sources */ = {isa = PBXBuildFile; fileRef = F7283A8F1FBDB8DA00C377B3 /* AppDelegate.swift */; };
		F7283A921FBDB8DA00C377B3 /* ListViewController.swift in Sources */ = {isa = PBXBuildFile; fileRef = F7283A911FBDB8DA00C377B3 /* ListViewController.swift */; };
		F7283A951FBDB8DB00C377B3 /* Main.storyboard in Resources */ = {isa = PBXBuildFile; fileRef = F7283A931FBDB8DB00C377B3 /* Main.storyboard */; };
		F7283A981FBDB8DB00C377B3 /* ToDoList.xcdatamodeld in Sources */ = {isa = PBXBuildFile; fileRef = F7283A961FBDB8DB00C377B3 /* ToDoList.xcdatamodeld */; };
		F7283A9A1FBDB8DB00C377B3 /* Assets.xcassets in Resources */ = {isa = PBXBuildFile; fileRef = F7283A991FBDB8DB00C377B3 /* Assets.xcassets */; };
		F7283A9D1FBDB8DB00C377B3 /* LaunchScreen.storyboard in Resources */ = {isa = PBXBuildFile; fileRef = F7283A9B1FBDB8DB00C377B3 /* LaunchScreen.storyboard */; };
		F7283AA81FBDB8DB00C377B3 /* ToDoListTests.swift in Sources */ = {isa = PBXBuildFile; fileRef = F7283AA71FBDB8DB00C377B3 /* ToDoListTests.swift */; };
		F7283AB31FBDC0D100C377B3 /* Item.swift in Sources */ = {isa = PBXBuildFile; fileRef = F7283AB21FBDC0D100C377B3 /* Item.swift */; };
		F7283AB51FBDC66B00C377B3 /* List.swift in Sources */ = {isa = PBXBuildFile; fileRef = F7283AB41FBDC66B00C377B3 /* List.swift */; };
/* End PBXBuildFile section */

/* Begin PBXContainerItemProxy section */
		F7283AA41FBDB8DB00C377B3 /* PBXContainerItemProxy */ = {
			isa = PBXContainerItemProxy;
			containerPortal = F7283A841FBDB8DA00C377B3 /* Project object */;
			proxyType = 1;
			remoteGlobalIDString = F7283A8B1FBDB8DA00C377B3;
			remoteInfo = ToDoList;
		};
/* End PBXContainerItemProxy section */

/* Begin PBXFileReference section */
		61650642EE3DE3808D24FD26 /* Pods_ToDoList.framework */ = {isa = PBXFileReference; explicitFileType = wrapper.framework; includeInIndex = 0; path = Pods_ToDoList.framework; sourceTree = BUILT_PRODUCTS_DIR; };
		7914C307D42C4CC73F91A748 /* Pods-ToDoList.debug.xcconfig */ = {isa = PBXFileReference; includeInIndex = 1; lastKnownFileType = text.xcconfig; name = "Pods-ToDoList.debug.xcconfig"; path = "Pods/Target Support Files/Pods-ToDoList/Pods-ToDoList.debug.xcconfig"; sourceTree = "<group>"; };
		960AAE224090632DAB703EB6 /* Pods-ToDoList.release.xcconfig */ = {isa = PBXFileReference; includeInIndex = 1; lastKnownFileType = text.xcconfig; name = "Pods-ToDoList.release.xcconfig"; path = "Pods/Target Support Files/Pods-ToDoList/Pods-ToDoList.release.xcconfig"; sourceTree = "<group>"; };
		F7283A8C1FBDB8DA00C377B3 /* ToDoList.app */ = {isa = PBXFileReference; explicitFileType = wrapper.application; includeInIndex = 0; path = ToDoList.app; sourceTree = BUILT_PRODUCTS_DIR; };
		F7283A8F1FBDB8DA00C377B3 /* AppDelegate.swift */ = {isa = PBXFileReference; lastKnownFileType = sourcecode.swift; path = AppDelegate.swift; sourceTree = "<group>"; };
		F7283A911FBDB8DA00C377B3 /* ListViewController.swift */ = {isa = PBXFileReference; lastKnownFileType = sourcecode.swift; path = ListViewController.swift; sourceTree = "<group>"; };
		F7283A941FBDB8DB00C377B3 /* Base */ = {isa = PBXFileReference; lastKnownFileType = file.storyboard; name = Base; path = Base.lproj/Main.storyboard; sourceTree = "<group>"; };
		F7283A971FBDB8DB00C377B3 /* ToDoList.xcdatamodel */ = {isa = PBXFileReference; lastKnownFileType = wrapper.xcdatamodel; path = ToDoList.xcdatamodel; sourceTree = "<group>"; };
		F7283A991FBDB8DB00C377B3 /* Assets.xcassets */ = {isa = PBXFileReference; lastKnownFileType = folder.assetcatalog; path = Assets.xcassets; sourceTree = "<group>"; };
		F7283A9C1FBDB8DB00C377B3 /* Base */ = {isa = PBXFileReference; lastKnownFileType = file.storyboard; name = Base; path = Base.lproj/LaunchScreen.storyboard; sourceTree = "<group>"; };
		F7283A9E1FBDB8DB00C377B3 /* Info.plist */ = {isa = PBXFileReference; lastKnownFileType = text.plist.xml; path = Info.plist; sourceTree = "<group>"; };
		F7283AA31FBDB8DB00C377B3 /* ToDoListTests.xctest */ = {isa = PBXFileReference; explicitFileType = wrapper.cfbundle; includeInIndex = 0; path = ToDoListTests.xctest; sourceTree = BUILT_PRODUCTS_DIR; };
		F7283AA71FBDB8DB00C377B3 /* ToDoListTests.swift */ = {isa = PBXFileReference; lastKnownFileType = sourcecode.swift; path = ToDoListTests.swift; sourceTree = "<group>"; };
		F7283AA91FBDB8DB00C377B3 /* Info.plist */ = {isa = PBXFileReference; lastKnownFileType = text.plist.xml; path = Info.plist; sourceTree = "<group>"; };
		F7283AB21FBDC0D100C377B3 /* Item.swift */ = {isa = PBXFileReference; lastKnownFileType = sourcecode.swift; path = Item.swift; sourceTree = "<group>"; };
		F7283AB41FBDC66B00C377B3 /* List.swift */ = {isa = PBXFileReference; lastKnownFileType = sourcecode.swift; path = List.swift; sourceTree = "<group>"; };
/* End PBXFileReference section */

/* Begin PBXFrameworksBuildPhase section */
		F7283A891FBDB8DA00C377B3 /* Frameworks */ = {
			isa = PBXFrameworksBuildPhase;
			buildActionMask = 2147483647;
			files = (
				86C8D2F3D3D8F96BC93C32ED /* Pods_ToDoList.framework in Frameworks */,
			);
			runOnlyForDeploymentPostprocessing = 0;
		};
		F7283AA01FBDB8DB00C377B3 /* Frameworks */ = {
			isa = PBXFrameworksBuildPhase;
			buildActionMask = 2147483647;
			files = (
			);
			runOnlyForDeploymentPostprocessing = 0;
		};
/* End PBXFrameworksBuildPhase section */

/* Begin PBXGroup section */
		F6BDA443C86A529707158126 /* Pods */ = {
			isa = PBXGroup;
			children = (
				7914C307D42C4CC73F91A748 /* Pods-ToDoList.debug.xcconfig */,
				960AAE224090632DAB703EB6 /* Pods-ToDoList.release.xcconfig */,
			);
			name = Pods;
			sourceTree = "<group>";
		};
		F7283A831FBDB8DA00C377B3 = {
			isa = PBXGroup;
			children = (
				F7283A8E1FBDB8DA00C377B3 /* ToDoList */,
				F7283AA61FBDB8DB00C377B3 /* ToDoListTests */,
				F7283A8D1FBDB8DA00C377B3 /* Products */,
				F6BDA443C86A529707158126 /* Pods */,
				FBA01789B3C7C7A62EC781F9 /* Frameworks */,
			);
			sourceTree = "<group>";
		};
		F7283A8D1FBDB8DA00C377B3 /* Products */ = {
			isa = PBXGroup;
			children = (
				F7283A8C1FBDB8DA00C377B3 /* ToDoList.app */,
				F7283AA31FBDB8DB00C377B3 /* ToDoListTests.xctest */,
			);
			name = Products;
			sourceTree = "<group>";
		};
		F7283A8E1FBDB8DA00C377B3 /* ToDoList */ = {
			isa = PBXGroup;
			children = (
				F7283A8F1FBDB8DA00C377B3 /* AppDelegate.swift */,
				F7283A911FBDB8DA00C377B3 /* ListViewController.swift */,
				F7283AB21FBDC0D100C377B3 /* Item.swift */,
				F7283AB41FBDC66B00C377B3 /* List.swift */,
				F7283A931FBDB8DB00C377B3 /* Main.storyboard */,
				F7283A991FBDB8DB00C377B3 /* Assets.xcassets */,
				F7283A9B1FBDB8DB00C377B3 /* LaunchScreen.storyboard */,
				F7283A9E1FBDB8DB00C377B3 /* Info.plist */,
				F7283A961FBDB8DB00C377B3 /* ToDoList.xcdatamodeld */,
			);
			path = ToDoList;
			sourceTree = "<group>";
		};
		F7283AA61FBDB8DB00C377B3 /* ToDoListTests */ = {
			isa = PBXGroup;
			children = (
				F7283AA71FBDB8DB00C377B3 /* ToDoListTests.swift */,
				F7283AA91FBDB8DB00C377B3 /* Info.plist */,
			);
			path = ToDoListTests;
			sourceTree = "<group>";
		};
		FBA01789B3C7C7A62EC781F9 /* Frameworks */ = {
			isa = PBXGroup;
			children = (
				61650642EE3DE3808D24FD26 /* Pods_ToDoList.framework */,
			);
			name = Frameworks;
			sourceTree = "<group>";
		};
/* End PBXGroup section */

/* Begin PBXNativeTarget section */
		F7283A8B1FBDB8DA00C377B3 /* ToDoList */ = {
			isa = PBXNativeTarget;
			buildConfigurationList = F7283AAC1FBDB8DB00C377B3 /* Build configuration list for PBXNativeTarget "ToDoList" */;
			buildPhases = (
				ADB18D98FF1E3A4F851BD2DB /* [CP] Check Pods Manifest.lock */,
				F7283A881FBDB8DA00C377B3 /* Sources */,
				F7283A891FBDB8DA00C377B3 /* Frameworks */,
				F7283A8A1FBDB8DA00C377B3 /* Resources */,
				AB2A929458FEE51911AEA9B5 /* [CP] Embed Pods Frameworks */,
				2EE121B9A599C4D244993C77 /* [CP] Copy Pods Resources */,
			);
			buildRules = (
			);
			dependencies = (
			);
			name = ToDoList;
			productName = ToDoList;
			productReference = F7283A8C1FBDB8DA00C377B3 /* ToDoList.app */;
			productType = "com.apple.product-type.application";
		};
		F7283AA21FBDB8DB00C377B3 /* ToDoListTests */ = {
			isa = PBXNativeTarget;
			buildConfigurationList = F7283AAF1FBDB8DB00C377B3 /* Build configuration list for PBXNativeTarget "ToDoListTests" */;
			buildPhases = (
				F7283A9F1FBDB8DB00C377B3 /* Sources */,
				F7283AA01FBDB8DB00C377B3 /* Frameworks */,
				F7283AA11FBDB8DB00C377B3 /* Resources */,
			);
			buildRules = (
			);
			dependencies = (
				F7283AA51FBDB8DB00C377B3 /* PBXTargetDependency */,
			);
			name = ToDoListTests;
			productName = ToDoListTests;
			productReference = F7283AA31FBDB8DB00C377B3 /* ToDoListTests.xctest */;
			productType = "com.apple.product-type.bundle.unit-test";
		};
/* End PBXNativeTarget section */

/* Begin PBXProject section */
		F7283A841FBDB8DA00C377B3 /* Project object */ = {
			isa = PBXProject;
			attributes = {
				LastSwiftUpdateCheck = 0900;
				LastUpgradeCheck = 0900;
				ORGANIZATIONNAME = "Reshma Unnikrishnan";
				TargetAttributes = {
					F7283A8B1FBDB8DA00C377B3 = {
						CreatedOnToolsVersion = 9.0.1;
						ProvisioningStyle = Automatic;
					};
					F7283AA21FBDB8DB00C377B3 = {
						CreatedOnToolsVersion = 9.0.1;
						ProvisioningStyle = Automatic;
						TestTargetID = F7283A8B1FBDB8DA00C377B3;
					};
				};
			};
			buildConfigurationList = F7283A871FBDB8DA00C377B3 /* Build configuration list for PBXProject "ToDoList" */;
			compatibilityVersion = "Xcode 8.0";
			developmentRegion = en;
			hasScannedForEncodings = 0;
			knownRegions = (
				en,
				Base,
			);
			mainGroup = F7283A831FBDB8DA00C377B3;
			productRefGroup = F7283A8D1FBDB8DA00C377B3 /* Products */;
			projectDirPath = "";
			projectRoot = "";
			targets = (
				F7283A8B1FBDB8DA00C377B3 /* ToDoList */,
				F7283AA21FBDB8DB00C377B3 /* ToDoListTests */,
			);
		};
/* End PBXProject section */

/* Begin PBXResourcesBuildPhase section */
		F7283A8A1FBDB8DA00C377B3 /* Resources */ = {
			isa = PBXResourcesBuildPhase;
			buildActionMask = 2147483647;
			files = (
				F7283A9D1FBDB8DB00C377B3 /* LaunchScreen.storyboard in Resources */,
				F7283A9A1FBDB8DB00C377B3 /* Assets.xcassets in Resources */,
				F7283A951FBDB8DB00C377B3 /* Main.storyboard in Resources */,
			);
			runOnlyForDeploymentPostprocessing = 0;
		};
		F7283AA11FBDB8DB00C377B3 /* Resources */ = {
			isa = PBXResourcesBuildPhase;
			buildActionMask = 2147483647;
			files = (
			);
			runOnlyForDeploymentPostprocessing = 0;
		};
/* End PBXResourcesBuildPhase section */

/* Begin PBXShellScriptBuildPhase section */
		2EE121B9A599C4D244993C77 /* [CP] Copy Pods Resources */ = {
			isa = PBXShellScriptBuildPhase;
			buildActionMask = 2147483647;
			files = (
			);
			inputPaths = (
			);
			name = "[CP] Copy Pods Resources";
			outputPaths = (
			);
			runOnlyForDeploymentPostprocessing = 0;
			shellPath = /bin/sh;
			shellScript = "\"${SRCROOT}/Pods/Target Support Files/Pods-ToDoList/Pods-ToDoList-resources.sh\"\n";
			showEnvVarsInLog = 0;
		};
		AB2A929458FEE51911AEA9B5 /* [CP] Embed Pods Frameworks */ = {
			isa = PBXShellScriptBuildPhase;
			buildActionMask = 2147483647;
			files = (
			);
			inputPaths = (
				"${SRCROOT}/Pods/Target Support Files/Pods-ToDoList/Pods-ToDoList-frameworks.sh",
				"${BUILT_PRODUCTS_DIR}/RxCocoa/RxCocoa.framework",
				"${BUILT_PRODUCTS_DIR}/RxSwift/RxSwift.framework",
			);
			name = "[CP] Embed Pods Frameworks";
			outputPaths = (
				"${TARGET_BUILD_DIR}/${FRAMEWORKS_FOLDER_PATH}/RxCocoa.framework",
				"${TARGET_BUILD_DIR}/${FRAMEWORKS_FOLDER_PATH}/RxSwift.framework",
			);
			runOnlyForDeploymentPostprocessing = 0;
			shellPath = /bin/sh;
			shellScript = "\"${SRCROOT}/Pods/Target Support Files/Pods-ToDoList/Pods-ToDoList-frameworks.sh\"\n";
			showEnvVarsInLog = 0;
		};
		ADB18D98FF1E3A4F851BD2DB /* [CP] Check Pods Manifest.lock */ = {
			isa = PBXShellScriptBuildPhase;
			buildActionMask = 2147483647;
			files = (
			);
			inputPaths = (
				"${PODS_PODFILE_DIR_PATH}/Podfile.lock",
				"${PODS_ROOT}/Manifest.lock",
			);
			name = "[CP] Check Pods Manifest.lock";
			outputPaths = (
				"$(DERIVED_FILE_DIR)/Pods-ToDoList-checkManifestLockResult.txt",
			);
			runOnlyForDeploymentPostprocessing = 0;
			shellPath = /bin/sh;
			shellScript = "diff \"${PODS_PODFILE_DIR_PATH}/Podfile.lock\" \"${PODS_ROOT}/Manifest.lock\" > /dev/null\nif [ $? != 0 ] ; then\n    # print error to STDERR\n    echo \"error: The sandbox is not in sync with the Podfile.lock. Run 'pod install' or update your CocoaPods installation.\" >&2\n    exit 1\nfi\n# This output is used by Xcode 'outputs' to avoid re-running this script phase.\necho \"SUCCESS\" > \"${SCRIPT_OUTPUT_FILE_0}\"\n";
			showEnvVarsInLog = 0;
		};
/* End PBXShellScriptBuildPhase section */

/* Begin PBXSourcesBuildPhase section */
		F7283A881FBDB8DA00C377B3 /* Sources */ = {
			isa = PBXSourcesBuildPhase;
			buildActionMask = 2147483647;
			files = (
				F7283AB31FBDC0D100C377B3 /* Item.swift in Sources */,
				F7283A921FBDB8DA00C377B3 /* ListViewController.swift in Sources */,
				F7283A981FBDB8DB00C377B3 /* ToDoList.xcdatamodeld in Sources */,
				F7283AB51FBDC66B00C377B3 /* List.swift in Sources */,
				F7283A901FBDB8DA00C377B3 /* AppDelegate.swift in Sources */,
			);
			runOnlyForDeploymentPostprocessing = 0;
		};
		F7283A9F1FBDB8DB00C377B3 /* Sources */ = {
			isa = PBXSourcesBuildPhase;
			buildActionMask = 2147483647;
			files = (
				F7283AA81FBDB8DB00C377B3 /* ToDoListTests.swift in Sources */,
			);
			runOnlyForDeploymentPostprocessing = 0;
		};
/* End PBXSourcesBuildPhase section */

/* Begin PBXTargetDependency section */
		F7283AA51FBDB8DB00C377B3 /* PBXTargetDependency */ = {
			isa = PBXTargetDependency;
			target = F7283A8B1FBDB8DA00C377B3 /* ToDoList */;
			targetProxy = F7283AA41FBDB8DB00C377B3 /* PBXContainerItemProxy */;
		};
/* End PBXTargetDependency section */

/* Begin PBXVariantGroup section */
		F7283A931FBDB8DB00C377B3 /* Main.storyboard */ = {
			isa = PBXVariantGroup;
			children = (
				F7283A941FBDB8DB00C377B3 /* Base */,
			);
			name = Main.storyboard;
			sourceTree = "<group>";
		};
		F7283A9B1FBDB8DB00C377B3 /* LaunchScreen.storyboard */ = {
			isa = PBXVariantGroup;
			children = (
				F7283A9C1FBDB8DB00C377B3 /* Base */,
			);
			name = LaunchScreen.storyboard;
			sourceTree = "<group>";
		};
/* End PBXVariantGroup section */

/* Begin XCBuildConfiguration section */
		F7283AAA1FBDB8DB00C377B3 /* Debug */ = {
			isa = XCBuildConfiguration;
			buildSettings = {
				ALWAYS_SEARCH_USER_PATHS = NO;
				CLANG_ANALYZER_NONNULL = YES;
				CLANG_ANALYZER_NUMBER_OBJECT_CONVERSION = YES_AGGRESSIVE;
				CLANG_CXX_LANGUAGE_STANDARD = "gnu++14";
				CLANG_CXX_LIBRARY = "libc++";
				CLANG_ENABLE_MODULES = YES;
				CLANG_ENABLE_OBJC_ARC = YES;
				CLANG_WARN_BLOCK_CAPTURE_AUTORELEASING = YES;
				CLANG_WARN_BOOL_CONVERSION = YES;
				CLANG_WARN_COMMA = YES;
				CLANG_WARN_CONSTANT_CONVERSION = YES;
				CLANG_WARN_DIRECT_OBJC_ISA_USAGE = YES_ERROR;
				CLANG_WARN_DOCUMENTATION_COMMENTS = YES;
				CLANG_WARN_EMPTY_BODY = YES;
				CLANG_WARN_ENUM_CONVERSION = YES;
				CLANG_WARN_INFINITE_RECURSION = YES;
				CLANG_WARN_INT_CONVERSION = YES;
				CLANG_WARN_NON_LITERAL_NULL_CONVERSION = YES;
				CLANG_WARN_OBJC_LITERAL_CONVERSION = YES;
				CLANG_WARN_OBJC_ROOT_CLASS = YES_ERROR;
				CLANG_WARN_RANGE_LOOP_ANALYSIS = YES;
				CLANG_WARN_STRICT_PROTOTYPES = YES;
				CLANG_WARN_SUSPICIOUS_MOVE = YES;
				CLANG_WARN_UNGUARDED_AVAILABILITY = YES_AGGRESSIVE;
				CLANG_WARN_UNREACHABLE_CODE = YES;
				CLANG_WARN__DUPLICATE_METHOD_MATCH = YES;
				CODE_SIGN_IDENTITY = "iPhone Developer";
				COPY_PHASE_STRIP = NO;
				DEBUG_INFORMATION_FORMAT = dwarf;
				ENABLE_STRICT_OBJC_MSGSEND = YES;
				ENABLE_TESTABILITY = YES;
				GCC_C_LANGUAGE_STANDARD = gnu11;
				GCC_DYNAMIC_NO_PIC = NO;
				GCC_NO_COMMON_BLOCKS = YES;
				GCC_OPTIMIZATION_LEVEL = 0;
				GCC_PREPROCESSOR_DEFINITIONS = (
					"DEBUG=1",
					"$(inherited)",
				);
				GCC_WARN_64_TO_32_BIT_CONVERSION = YES;
				GCC_WARN_ABOUT_RETURN_TYPE = YES_ERROR;
				GCC_WARN_UNDECLARED_SELECTOR = YES;
				GCC_WARN_UNINITIALIZED_AUTOS = YES_AGGRESSIVE;
				GCC_WARN_UNUSED_FUNCTION = YES;
				GCC_WARN_UNUSED_VARIABLE = YES;
				IPHONEOS_DEPLOYMENT_TARGET = 11.0;
				MTL_ENABLE_DEBUG_INFO = YES;
				ONLY_ACTIVE_ARCH = YES;
				SDKROOT = iphoneos;
				SWIFT_ACTIVE_COMPILATION_CONDITIONS = DEBUG;
				SWIFT_OPTIMIZATION_LEVEL = "-Onone";
			};
			name = Debug;
		};
		F7283AAB1FBDB8DB00C377B3 /* Release */ = {
			isa = XCBuildConfiguration;
			buildSettings = {
				ALWAYS_SEARCH_USER_PATHS = NO;
				CLANG_ANALYZER_NONNULL = YES;
				CLANG_ANALYZER_NUMBER_OBJECT_CONVERSION = YES_AGGRESSIVE;
				CLANG_CXX_LANGUAGE_STANDARD = "gnu++14";
				CLANG_CXX_LIBRARY = "libc++";
				CLANG_ENABLE_MODULES = YES;
				CLANG_ENABLE_OBJC_ARC = YES;
				CLANG_WARN_BLOCK_CAPTURE_AUTORELEASING = YES;
				CLANG_WARN_BOOL_CONVERSION = YES;
				CLANG_WARN_COMMA = YES;
				CLANG_WARN_CONSTANT_CONVERSION = YES;
				CLANG_WARN_DIRECT_OBJC_ISA_USAGE = YES_ERROR;
				CLANG_WARN_DOCUMENTATION_COMMENTS = YES;
				CLANG_WARN_EMPTY_BODY = YES;
				CLANG_WARN_ENUM_CONVERSION = YES;
				CLANG_WARN_INFINITE_RECURSION = YES;
				CLANG_WARN_INT_CONVERSION = YES;
				CLANG_WARN_NON_LITERAL_NULL_CONVERSION = YES;
				CLANG_WARN_OBJC_LITERAL_CONVERSION = YES;
				CLANG_WARN_OBJC_ROOT_CLASS = YES_ERROR;
				CLANG_WARN_RANGE_LOOP_ANALYSIS = YES;
				CLANG_WARN_STRICT_PROTOTYPES = YES;
				CLANG_WARN_SUSPICIOUS_MOVE = YES;
				CLANG_WARN_UNGUARDED_AVAILABILITY = YES_AGGRESSIVE;
				CLANG_WARN_UNREACHABLE_CODE = YES;
				CLANG_WARN__DUPLICATE_METHOD_MATCH = YES;
				CODE_SIGN_IDENTITY = "iPhone Developer";
				COPY_PHASE_STRIP = NO;
				DEBUG_INFORMATION_FORMAT = "dwarf-with-dsym";
				ENABLE_NS_ASSERTIONS = NO;
				ENABLE_STRICT_OBJC_MSGSEND = YES;
				GCC_C_LANGUAGE_STANDARD = gnu11;
				GCC_NO_COMMON_BLOCKS = YES;
				GCC_WARN_64_TO_32_BIT_CONVERSION = YES;
				GCC_WARN_ABOUT_RETURN_TYPE = YES_ERROR;
				GCC_WARN_UNDECLARED_SELECTOR = YES;
				GCC_WARN_UNINITIALIZED_AUTOS = YES_AGGRESSIVE;
				GCC_WARN_UNUSED_FUNCTION = YES;
				GCC_WARN_UNUSED_VARIABLE = YES;
				IPHONEOS_DEPLOYMENT_TARGET = 11.0;
				MTL_ENABLE_DEBUG_INFO = NO;
				SDKROOT = iphoneos;
				SWIFT_OPTIMIZATION_LEVEL = "-Owholemodule";
				VALIDATE_PRODUCT = YES;
			};
			name = Release;
		};
		F7283AAD1FBDB8DB00C377B3 /* Debug */ = {
			isa = XCBuildConfiguration;
			baseConfigurationReference = 7914C307D42C4CC73F91A748 /* Pods-ToDoList.debug.xcconfig */;
			buildSettings = {
				ASSETCATALOG_COMPILER_APPICON_NAME = AppIcon;
				CODE_SIGN_STYLE = Automatic;
				INFOPLIST_FILE = ToDoList/Info.plist;
				LD_RUNPATH_SEARCH_PATHS = "$(inherited) @executable_path/Frameworks";
				PRODUCT_BUNDLE_IDENTIFIER = dwa.com.reschma.ToDoList;
				PRODUCT_NAME = "$(TARGET_NAME)";
				SWIFT_VERSION = 4.0;
				TARGETED_DEVICE_FAMILY = "1,2";
			};
			name = Debug;
		};
		F7283AAE1FBDB8DB00C377B3 /* Release */ = {
			isa = XCBuildConfiguration;
			baseConfigurationReference = 960AAE224090632DAB703EB6 /* Pods-ToDoList.release.xcconfig */;
			buildSettings = {
				ASSETCATALOG_COMPILER_APPICON_NAME = AppIcon;
				CODE_SIGN_STYLE = Automatic;
				INFOPLIST_FILE = ToDoList/Info.plist;
				LD_RUNPATH_SEARCH_PATHS = "$(inherited) @executable_path/Frameworks";
				PRODUCT_BUNDLE_IDENTIFIER = dwa.com.reschma.ToDoList;
				PRODUCT_NAME = "$(TARGET_NAME)";
				SWIFT_VERSION = 4.0;
				TARGETED_DEVICE_FAMILY = "1,2";
			};
			name = Release;
		};
		F7283AB01FBDB8DB00C377B3 /* Debug */ = {
			isa = XCBuildConfiguration;
			buildSettings = {
				ALWAYS_EMBED_SWIFT_STANDARD_LIBRARIES = YES;
				BUNDLE_LOADER = "$(TEST_HOST)";
				CODE_SIGN_STYLE = Automatic;
				INFOPLIST_FILE = ToDoListTests/Info.plist;
				LD_RUNPATH_SEARCH_PATHS = "$(inherited) @executable_path/Frameworks @loader_path/Frameworks";
				PRODUCT_BUNDLE_IDENTIFIER = dwa.com.reschma.ToDoListTests;
				PRODUCT_NAME = "$(TARGET_NAME)";
				SWIFT_VERSION = 4.0;
				TARGETED_DEVICE_FAMILY = "1,2";
				TEST_HOST = "$(BUILT_PRODUCTS_DIR)/ToDoList.app/ToDoList";
			};
			name = Debug;
		};
		F7283AB11FBDB8DB00C377B3 /* Release */ = {
			isa = XCBuildConfiguration;
			buildSettings = {
				ALWAYS_EMBED_SWIFT_STANDARD_LIBRARIES = YES;
				BUNDLE_LOADER = "$(TEST_HOST)";
				CODE_SIGN_STYLE = Automatic;
				INFOPLIST_FILE = ToDoListTests/Info.plist;
				LD_RUNPATH_SEARCH_PATHS = "$(inherited) @executable_path/Frameworks @loader_path/Frameworks";
				PRODUCT_BUNDLE_IDENTIFIER = dwa.com.reschma.ToDoListTests;
				PRODUCT_NAME = "$(TARGET_NAME)";
				SWIFT_VERSION = 4.0;
				TARGETED_DEVICE_FAMILY = "1,2";
				TEST_HOST = "$(BUILT_PRODUCTS_DIR)/ToDoList.app/ToDoList";
			};
			name = Release;
		};
/* End XCBuildConfiguration section */

/* Begin XCConfigurationList section */
		F7283A871FBDB8DA00C377B3 /* Build configuration list for PBXProject "ToDoList" */ = {
			isa = XCConfigurationList;
			buildConfigurations = (
				F7283AAA1FBDB8DB00C377B3 /* Debug */,
				F7283AAB1FBDB8DB00C377B3 /* Release */,
			);
			defaultConfigurationIsVisible = 0;
			defaultConfigurationName = Release;
		};
		F7283AAC1FBDB8DB00C377B3 /* Build configuration list for PBXNativeTarget "ToDoList" */ = {
			isa = XCConfigurationList;
			buildConfigurations = (
				F7283AAD1FBDB8DB00C377B3 /* Debug */,
				F7283AAE1FBDB8DB00C377B3 /* Release */,
			);
			defaultConfigurationIsVisible = 0;
			defaultConfigurationName = Release;
		};
		F7283AAF1FBDB8DB00C377B3 /* Build configuration list for PBXNativeTarget "ToDoListTests" */ = {
			isa = XCConfigurationList;
			buildConfigurations = (
				F7283AB01FBDB8DB00C377B3 /* Debug */,
				F7283AB11FBDB8DB00C377B3 /* Release */,
			);
			defaultConfigurationIsVisible = 0;
			defaultConfigurationName = Release;
		};
/* End XCConfigurationList section */

/* Begin XCVersionGroup section */
		F7283A961FBDB8DB00C377B3 /* ToDoList.xcdatamodeld */ = {
			isa = XCVersionGroup;
			children = (
				F7283A971FBDB8DB00C377B3 /* ToDoList.xcdatamodel */,
			);
			currentVersion = F7283A971FBDB8DB00C377B3 /* ToDoList.xcdatamodel */;
			path = ToDoList.xcdatamodeld;
			sourceTree = "<group>";
			versionGroupType = wrapper.xcdatamodel;
		};
/* End XCVersionGroup section */
	};
	rootObject = F7283A841FBDB8DA00C377B3 /* Project object */;
}
